# This file is autogenerated, do not edit; changes may be undone by the next 'dep ensure'.


[[projects]]
  digest = "1:5ad08b0e14866764a6d7475eb11c9cf05cad9a52c442593bdfa544703ff77f61"
  name = "cloud.google.com/go"
  packages = ["compute/metadata"]
  pruneopts = "UT"
  revision = "0ebda48a7f143b1cce9eb37a8c1106ac762a3430"
  version = "v0.34.0"

[[projects]]
  digest = "1:97df918963298c287643883209a2c3f642e6593379f97ab400c2a2e219ab647d"
  name = "github.com/golang/protobuf"
  packages = ["proto"]
  pruneopts = "UT"
  revision = "aa810b61a9c79d51363740d207bb46cf8e620ed5"
  version = "v1.2.0"

[[projects]]
  branch = "master"
  digest = "1:8dbe76014be3c83806abc61befcb5e1789d2d872bc8f98a8fb955405550c63be"
  name = "github.com/grokify/html-strip-tags-go"
  packages = ["."]
  pruneopts = "UT"
  revision = "e9e44961e26f513866063f54bf85070db95600f7"

[[projects]]
  digest = "1:40e195917a951a8bf867cd05de2a46aaf1806c50cf92eebf4c16f78cd196f747"
  name = "github.com/pkg/errors"
  packages = ["."]
  pruneopts = "UT"
  revision = "645ef00459ed84a119197bfb8d8205042c6df63d"
  version = "v0.8.0"

[[projects]]
  digest = "1:bb0d999fbfbc40f7bf42a24eca5e6894fa24a9efdad13d6908bea34bc3309722"
  name = "github.com/subosito/gotenv"
  packages = ["."]
  pruneopts = "UT"
  revision = "69b5b6104433beb2cb9c3ce00bdadf3c7c2d3f34"
  version = "v1.1.1"

[[projects]]
  branch = "master"
  digest = "1:f8b491a7c25030a895a0e579742d07136e6958e77ef2d46e769db8eec4e58fcd"
  name = "golang.org/x/net"
  packages = [
    "context",
    "context/ctxhttp",
  ]
  pruneopts = "UT"
  revision = "927f97764cc334a6575f4b7a1584a147864d5723"

[[projects]]
  branch = "master"
  digest = "1:23443edff0740e348959763085df98400dcfd85528d7771bb0ce9f5f2754ff4a"
  name = "golang.org/x/oauth2"
  packages = [
    ".",
    "google",
    "internal",
    "jws",
    "jwt",
  ]
  pruneopts = "UT"
  revision = "d668ce993890a79bda886613ee587a69dd5da7a6"

[[projects]]
  branch = "master"
  digest = "1:7e5cdc29b16d18b5b392c2d3ef78360c02f0a6bc3cb478f3622e6eb13ac53322"
  name = "google.golang.org/api"
  packages = [
    "gensupport",
    "gmail/v1",
    "googleapi",
    "googleapi/internal/uritemplates",
  ]
  pruneopts = "UT"
  revision = "65a46cafb132eff435c7d1e0f439cc73c8eebb85"

[[projects]]
  digest = "1:fa026a5c59bd2df343ec4a3538e6288dcf4e2ec5281d743ae82c120affe6926a"
  name = "google.golang.org/appengine"
  packages = [
    ".",
    "internal",
    "internal/app_identity",
    "internal/base",
    "internal/datastore",
    "internal/log",
    "internal/modules",
    "internal/remote_api",
    "internal/urlfetch",
    "urlfetch",
  ]
  pruneopts = "UT"
  revision = "e9657d882bb81064595ca3b56cbe2546bbabf7b1"
  version = "v1.4.0"

[[projects]]
  branch = "v2"
  digest = "1:09a5ca453b56481dba2b17b6ee8ea90815dfd62c9a99e6d9420d301f9120a043"
  name = "gopkg.in/tucnak/telebot.v2"
  packages = ["."]
  pruneopts = "UT"
  revision = "6451db130825a1388f6b392f141d2bd8cbdf6cf6"

[solve-meta]
  analyzer-name = "dep"
  analyzer-version = 1
  input-imports = [
    "github.com/grokify/html-strip-tags-go",
    "github.com/subosito/gotenv",
    "golang.org/x/net/context",
    "golang.org/x/oauth2",
    "golang.org/x/oauth2/google",
    "google.golang.org/api/gmail/v1",
    "gopkg.in/tucnak/telebot.v2",
  ]
  solver-name = "gps-cdcl"
  solver-version = 1
